{
  "object": {
    "pins": [
      {
        "package": "swift-numerics",
        "repositoryURL": "https://github.com/apple/swift-numerics.git",
        "state": {
          "branch": null,
          "revision": "0a23770641f65a4de61daf5425a37ae32a3fd00d",
          "version": "1.0.1"
        }
      }
    ]
  },
  "version": 1
}
