
Microsoft Visual Studio Solution File, Format Version 12.00
# Visual Studio Version 16
VisualStudioVersion = 16.0.31613.86
MinimumVisualStudioVersion = 10.0.40219.1
Project("{FAE04EC0-301F-11D3-BF4B-00C04F79EFBC}") = "BLE_Lib", "BLE_Lib\BLE_Lib.csproj", "{8C2F55AF-EC70-49FC-912B-07A95D36F14B}"
EndProject
Project("{8BC9CEB8-8B4A-11D0-8D11-00A0C91BC942}") = "BA_Native", "BA_Native\BA_Native.vcxproj", "{BEFC35CB-3C35-47EE-8408-3BE1D1765D1E}"
EndProject
Project("{8BC9CEB8-8B4A-11D0-8D11-00A0C91BC942}") = "BLE_Test", "BLE_Test\BLE_Test.vcxproj", "{1D317505-435F-4DA2-866F-68AF474DF725}"
EndProject
Global
	GlobalSection(SolutionConfigurationPlatforms) = preSolution
		Debug|Any CPU = Debug|Any CPU
		Debug|x64 = Debug|x64
		Debug|x86 = Debug|x86
		Release|Any CPU = Release|Any CPU
		Release|x64 = Release|x64
		Release|x86 = Release|x86
	EndGlobalSection
	GlobalSection(ProjectConfigurationPlatforms) = postSolution
		{8C2F55AF-EC70-49FC-912B-07A95D36F14B}.Debug|Any CPU.ActiveCfg = Debug|Any CPU
		{8C2F55AF-EC70-49FC-912B-07A95D36F14B}.Debug|Any CPU.Build.0 = Debug|Any CPU
		{8C2F55AF-EC70-49FC-912B-07A95D36F14B}.Debug|x64.ActiveCfg = Debug|Any CPU
		{8C2F55AF-EC70-49FC-912B-07A95D36F14B}.Debug|x64.Build.0 = Debug|Any CPU
		{8C2F55AF-EC70-49FC-912B-07A95D36F14B}.Debug|x86.ActiveCfg = Debug|Any CPU
		{8C2F55AF-EC70-49FC-912B-07A95D36F14B}.Debug|x86.Build.0 = Debug|Any CPU
		{8C2F55AF-EC70-49FC-912B-07A95D36F14B}.Release|Any CPU.ActiveCfg = Release|Any CPU
		{8C2F55AF-EC70-49FC-912B-07A95D36F14B}.Release|Any CPU.Build.0 = Release|Any CPU
		{8C2F55AF-EC70-49FC-912B-07A95D36F14B}.Release|x64.ActiveCfg = Release|Any CPU
		{8C2F55AF-EC70-49FC-912B-07A95D36F14B}.Release|x64.Build.0 = Release|Any CPU
		{8C2F55AF-EC70-49FC-912B-07A95D36F14B}.Release|x86.ActiveCfg = Release|Any CPU
		{8C2F55AF-EC70-49FC-912B-07A95D36F14B}.Release|x86.Build.0 = Release|Any CPU
		{BEFC35CB-3C35-47EE-8408-3BE1D1765D1E}.Debug|Any CPU.ActiveCfg = Debug|Win32
		{BEFC35CB-3C35-47EE-8408-3BE1D1765D1E}.Debug|x64.ActiveCfg = Debug|x64
		{BEFC35CB-3C35-47EE-8408-3BE1D1765D1E}.Debug|x64.Build.0 = Debug|x64
		{BEFC35CB-3C35-47EE-8408-3BE1D1765D1E}.Debug|x86.ActiveCfg = Debug|Win32
		{BEFC35CB-3C35-47EE-8408-3BE1D1765D1E}.Debug|x86.Build.0 = Debug|Win32
		{BEFC35CB-3C35-47EE-8408-3BE1D1765D1E}.Release|Any CPU.ActiveCfg = Release|Win32
		{BEFC35CB-3C35-47EE-8408-3BE1D1765D1E}.Release|x64.ActiveCfg = Release|x64
		{BEFC35CB-3C35-47EE-8408-3BE1D1765D1E}.Release|x64.Build.0 = Release|x64
		{BEFC35CB-3C35-47EE-8408-3BE1D1765D1E}.Release|x86.ActiveCfg = Release|Win32
		{BEFC35CB-3C35-47EE-8408-3BE1D1765D1E}.Release|x86.Build.0 = Release|Win32
		{1D317505-435F-4DA2-866F-68AF474DF725}.Debug|Any CPU.ActiveCfg = Debug|Win32
		{1D317505-435F-4DA2-866F-68AF474DF725}.Debug|x64.ActiveCfg = Debug|x64
		{1D317505-435F-4DA2-866F-68AF474DF725}.Debug|x64.Build.0 = Debug|x64
		{1D317505-435F-4DA2-866F-68AF474DF725}.Debug|x86.ActiveCfg = Debug|Win32
		{1D317505-435F-4DA2-866F-68AF474DF725}.Debug|x86.Build.0 = Debug|Win32
		{1D317505-435F-4DA2-866F-68AF474DF725}.Release|Any CPU.ActiveCfg = Release|Win32
		{1D317505-435F-4DA2-866F-68AF474DF725}.Release|x64.ActiveCfg = Release|x64
		{1D317505-435F-4DA2-866F-68AF474DF725}.Release|x64.Build.0 = Release|x64
		{1D317505-435F-4DA2-866F-68AF474DF725}.Release|x86.ActiveCfg = Release|Win32
		{1D317505-435F-4DA2-866F-68AF474DF725}.Release|x86.Build.0 = Release|Win32
	EndGlobalSection
	GlobalSection(SolutionProperties) = preSolution
		HideSolutionNode = FALSE
	EndGlobalSection
	GlobalSection(ExtensibilityGlobals) = postSolution
		SolutionGuid = {EDA23FF8-532E-4414-A57E-D1AFEBC0C019}
	EndGlobalSection
EndGlobal
