# This file is automatically @generated by Cargo.
# It is not intended for manual editing.
version = 3

[[package]]
name = "brainflow"
version = "0.1.0"
dependencies = [
 "brainflow-boards",
 "brainflow-fft",
 "brainflow-filter",
 "brainflow-io",
 "brainflow-math",
 "brainflow-ml",
 "brainflow-sys",
 "brainflow-wavelet",
 "libm",
]

[[package]]
name = "brainflow-boards"
version = "0.1.0"
dependencies = [
 "brainflow-io",
 "brainflow-math",
 "brainflow-sys",
 "libm",
]

[[package]]
name = "brainflow-ffi"
version = "0.1.0"
dependencies = [
 "brainflow-boards",
 "brainflow-fft",
 "brainflow-filter",
 "brainflow-math",
 "brainflow-ml",
 "brainflow-sys",
 "brainflow-wavelet",
 "lazy_static",
]

[[package]]
name = "brainflow-fft"
version = "0.1.0"
dependencies = [
 "brainflow-math",
 "libm",
]

[[package]]
name = "brainflow-filter"
version = "0.1.0"
dependencies = [
 "brainflow-math",
 "libm",
]

[[package]]
name = "brainflow-io"
version = "0.1.0"
dependencies = [
 "brainflow-sys",
]

[[package]]
name = "brainflow-math"
version = "0.1.0"
dependencies = [
 "libm",
]

[[package]]
name = "brainflow-ml"
version = "0.1.0"
dependencies = [
 "brainflow-math",
 "libm",
]

[[package]]
name = "brainflow-sys"
version = "0.1.0"

[[package]]
name = "brainflow-wavelet"
version = "0.1.0"
dependencies = [
 "brainflow-math",
 "libm",
]

[[package]]
name = "lazy_static"
version = "1.5.0"
source = "registry+https://github.com/rust-lang/crates.io-index"
checksum = "bbd2bcb4c963f2ddae06a2efc7e9f3591312473c50c6685e1f298068316e66fe"

[[package]]
name = "libm"
version = "0.2.15"
source = "registry+https://github.com/rust-lang/crates.io-index"
checksum = "f9fbbcab51052fe104eb5e5d351cf728d30a5be1fe14d9be8a3b097481fb97de"
