
Microsoft Visual Studio Solution File, Format Version 12.00
# Visual Studio 15
VisualStudioVersion = 15.0.28307.705
MinimumVisualStudioVersion = 10.0.40219.1
Project("{FAE04EC0-301F-11D3-BF4B-00C04F79EFBC}") = "brainflow", "brainflow\brainflow.csproj", "{19D4357F-B416-40D3-99CD-2FCAF56529F6}"
EndProject
Project("{FAE04EC0-301F-11D3-BF4B-00C04F79EFBC}") = "test", "test\test.csproj", "{330E2FB8-FF1F-4B60-877A-0BF98AA12848}"
	ProjectSection(ProjectDependencies) = postProject
		{19D4357F-B416-40D3-99CD-2FCAF56529F6} = {19D4357F-B416-40D3-99CD-2FCAF56529F6}
	EndProjectSection
EndProject
Global
	GlobalSection(SolutionConfigurationPlatforms) = preSolution
		Debug|Any CPU = Debug|Any CPU
		Debug|x64 = Debug|x64
		Debug|x86 = Debug|x86
		Release|Any CPU = Release|Any CPU
		Release|x64 = Release|x64
		Release|x86 = Release|x86
	EndGlobalSection
	GlobalSection(ProjectConfigurationPlatforms) = postSolution
		{19D4357F-B416-40D3-99CD-2FCAF56529F6}.Debug|Any CPU.ActiveCfg = Debug|Any CPU
		{19D4357F-B416-40D3-99CD-2FCAF56529F6}.Debug|Any CPU.Build.0 = Debug|Any CPU
		{19D4357F-B416-40D3-99CD-2FCAF56529F6}.Debug|x64.ActiveCfg = Debug|Any CPU
		{19D4357F-B416-40D3-99CD-2FCAF56529F6}.Debug|x64.Build.0 = Debug|Any CPU
		{19D4357F-B416-40D3-99CD-2FCAF56529F6}.Debug|x86.ActiveCfg = Debug|Any CPU
		{19D4357F-B416-40D3-99CD-2FCAF56529F6}.Debug|x86.Build.0 = Debug|Any CPU
		{19D4357F-B416-40D3-99CD-2FCAF56529F6}.Release|Any CPU.ActiveCfg = Release|Any CPU
		{19D4357F-B416-40D3-99CD-2FCAF56529F6}.Release|Any CPU.Build.0 = Release|Any CPU
		{19D4357F-B416-40D3-99CD-2FCAF56529F6}.Release|x64.ActiveCfg = Release|Any CPU
		{19D4357F-B416-40D3-99CD-2FCAF56529F6}.Release|x64.Build.0 = Release|Any CPU
		{19D4357F-B416-40D3-99CD-2FCAF56529F6}.Release|x86.ActiveCfg = Release|x86
		{19D4357F-B416-40D3-99CD-2FCAF56529F6}.Release|x86.Build.0 = Release|x86
		{330E2FB8-FF1F-4B60-877A-0BF98AA12848}.Debug|Any CPU.ActiveCfg = Debug|Any CPU
		{330E2FB8-FF1F-4B60-877A-0BF98AA12848}.Debug|Any CPU.Build.0 = Debug|Any CPU
		{330E2FB8-FF1F-4B60-877A-0BF98AA12848}.Debug|x64.ActiveCfg = Debug|Any CPU
		{330E2FB8-FF1F-4B60-877A-0BF98AA12848}.Debug|x64.Build.0 = Debug|Any CPU
		{330E2FB8-FF1F-4B60-877A-0BF98AA12848}.Debug|x86.ActiveCfg = Debug|Any CPU
		{330E2FB8-FF1F-4B60-877A-0BF98AA12848}.Debug|x86.Build.0 = Debug|Any CPU
		{330E2FB8-FF1F-4B60-877A-0BF98AA12848}.Release|Any CPU.ActiveCfg = Release|Any CPU
		{330E2FB8-FF1F-4B60-877A-0BF98AA12848}.Release|Any CPU.Build.0 = Release|Any CPU
		{330E2FB8-FF1F-4B60-877A-0BF98AA12848}.Release|x64.ActiveCfg = Release|Any CPU
		{330E2FB8-FF1F-4B60-877A-0BF98AA12848}.Release|x64.Build.0 = Release|Any CPU
		{330E2FB8-FF1F-4B60-877A-0BF98AA12848}.Release|x86.ActiveCfg = Release|x86
		{330E2FB8-FF1F-4B60-877A-0BF98AA12848}.Release|x86.Build.0 = Release|x86
	EndGlobalSection
	GlobalSection(SolutionProperties) = preSolution
		HideSolutionNode = FALSE
	EndGlobalSection
	GlobalSection(ExtensibilityGlobals) = postSolution
		SolutionGuid = {C8CE9ED2-4273-45D4-AD7D-4B9227349E89}
	EndGlobalSection
EndGlobal
