
Microsoft Visual Studio Solution File, Format Version 12.00
# Visual Studio 15
VisualStudioVersion = 15.0.28307.705
MinimumVisualStudioVersion = 10.0.40219.1
Project("{FAE04EC0-301F-11D3-BF4B-00C04F79EFBC}") = "brainflow", "brainflow\brainflow.csproj", "{19D4357F-B416-40D3-99CD-2FCAF56529F6}"
EndProject
Project("{2150E333-8FDC-42A3-9474-1A3956D46DE8}") = "tests", "tests", "{FF155433-168F-4A55-BA98-DFD197A98185}"
EndProject
Project("{FAE04EC0-301F-11D3-BF4B-00C04F79EFBC}") = "band_power", "tests\band_power\band_power.csproj", "{5171230B-C470-4542-8BA1-DEDDE754E2D9}"
EndProject
Project("{FAE04EC0-301F-11D3-BF4B-00C04F79EFBC}") = "band_power_all", "tests\band_power_all\band_power_all.csproj", "{49BE97BC-D00C-4DAF-86F6-39B18B3B954C}"
EndProject
Project("{FAE04EC0-301F-11D3-BF4B-00C04F79EFBC}") = "brainflow_get_data", "tests\brainflow_get_data\brainflow_get_data.csproj", "{330E2FB8-FF1F-4B60-877A-0BF98AA12848}"
EndProject
Project("{FAE04EC0-301F-11D3-BF4B-00C04F79EFBC}") = "denoising", "tests\denoising\denoising.csproj", "{971AB6C4-4C98-40AE-82B4-256173BC1B1E}"
EndProject
Project("{FAE04EC0-301F-11D3-BF4B-00C04F79EFBC}") = "downsampling", "tests\downsampling\downsampling.csproj", "{2DB573F8-53DE-46B4-8035-421CDA96F9AC}"
EndProject
Project("{FAE04EC0-301F-11D3-BF4B-00C04F79EFBC}") = "eeg_metrics", "tests\eeg_metrics\eeg_metrics.csproj", "{5BC6B59F-E41D-4B6F-9718-81553405F846}"
EndProject
Project("{FAE04EC0-301F-11D3-BF4B-00C04F79EFBC}") = "eeg_metrics_ci", "tests\eeg_metrics_ci\eeg_metrics_ci.csproj", "{AE26BA17-F5FD-49EA-98F3-FAF23DB8EE3A}"
EndProject
Project("{FAE04EC0-301F-11D3-BF4B-00C04F79EFBC}") = "markers", "tests\markers\markers.csproj", "{51A28D43-97FD-4F78-BFF3-988ABC6B6407}"
EndProject
Project("{FAE04EC0-301F-11D3-BF4B-00C04F79EFBC}") = "serialization", "tests\serialization\serialization.csproj", "{CEEE900B-DB7A-4FDE-A9E3-D792FA267AF1}"
EndProject
Project("{FAE04EC0-301F-11D3-BF4B-00C04F79EFBC}") = "signal_filtering", "tests\signal_filtering\signal_filtering.csproj", "{0EEFF5CE-0159-4EF4-A4F7-83820836A4CE}"
EndProject
Project("{FAE04EC0-301F-11D3-BF4B-00C04F79EFBC}") = "transforms", "tests\transforms\transforms.csproj", "{3D7AE55C-F349-4C86-92CB-065C55CD37D9}"
EndProject
Global
	GlobalSection(SolutionConfigurationPlatforms) = preSolution
		Debug|Any CPU = Debug|Any CPU
		Debug|x64 = Debug|x64
		Debug|x86 = Debug|x86
		Release|Any CPU = Release|Any CPU
		Release|x64 = Release|x64
		Release|x86 = Release|x86
	EndGlobalSection
	GlobalSection(ProjectConfigurationPlatforms) = postSolution
		{19D4357F-B416-40D3-99CD-2FCAF56529F6}.Debug|Any CPU.ActiveCfg = Debug|Any CPU
		{19D4357F-B416-40D3-99CD-2FCAF56529F6}.Debug|Any CPU.Build.0 = Debug|Any CPU
		{19D4357F-B416-40D3-99CD-2FCAF56529F6}.Debug|x64.ActiveCfg = Debug|Any CPU
		{19D4357F-B416-40D3-99CD-2FCAF56529F6}.Debug|x64.Build.0 = Debug|Any CPU
		{19D4357F-B416-40D3-99CD-2FCAF56529F6}.Debug|x86.ActiveCfg = Debug|Any CPU
		{19D4357F-B416-40D3-99CD-2FCAF56529F6}.Debug|x86.Build.0 = Debug|Any CPU
		{19D4357F-B416-40D3-99CD-2FCAF56529F6}.Release|Any CPU.ActiveCfg = Release|Any CPU
		{19D4357F-B416-40D3-99CD-2FCAF56529F6}.Release|Any CPU.Build.0 = Release|Any CPU
		{19D4357F-B416-40D3-99CD-2FCAF56529F6}.Release|x64.ActiveCfg = Release|Any CPU
		{19D4357F-B416-40D3-99CD-2FCAF56529F6}.Release|x64.Build.0 = Release|Any CPU
		{19D4357F-B416-40D3-99CD-2FCAF56529F6}.Release|x86.ActiveCfg = Release|x86
		{19D4357F-B416-40D3-99CD-2FCAF56529F6}.Release|x86.Build.0 = Release|x86
		{5171230B-C470-4542-8BA1-DEDDE754E2D9}.Debug|Any CPU.ActiveCfg = Debug|Any CPU
		{5171230B-C470-4542-8BA1-DEDDE754E2D9}.Debug|Any CPU.Build.0 = Debug|Any CPU
		{5171230B-C470-4542-8BA1-DEDDE754E2D9}.Debug|x64.ActiveCfg = Debug|Any CPU
		{5171230B-C470-4542-8BA1-DEDDE754E2D9}.Debug|x64.Build.0 = Debug|Any CPU
		{5171230B-C470-4542-8BA1-DEDDE754E2D9}.Debug|x86.ActiveCfg = Debug|x86
		{5171230B-C470-4542-8BA1-DEDDE754E2D9}.Debug|x86.Build.0 = Debug|x86
		{5171230B-C470-4542-8BA1-DEDDE754E2D9}.Release|Any CPU.ActiveCfg = Release|Any CPU
		{5171230B-C470-4542-8BA1-DEDDE754E2D9}.Release|Any CPU.Build.0 = Release|Any CPU
		{5171230B-C470-4542-8BA1-DEDDE754E2D9}.Release|x64.ActiveCfg = Release|Any CPU
		{5171230B-C470-4542-8BA1-DEDDE754E2D9}.Release|x64.Build.0 = Release|Any CPU
		{5171230B-C470-4542-8BA1-DEDDE754E2D9}.Release|x86.ActiveCfg = Release|x86
		{5171230B-C470-4542-8BA1-DEDDE754E2D9}.Release|x86.Build.0 = Release|x86
		{49BE97BC-D00C-4DAF-86F6-39B18B3B954C}.Debug|Any CPU.ActiveCfg = Debug|Any CPU
		{49BE97BC-D00C-4DAF-86F6-39B18B3B954C}.Debug|Any CPU.Build.0 = Debug|Any CPU
		{49BE97BC-D00C-4DAF-86F6-39B18B3B954C}.Debug|x64.ActiveCfg = Debug|Any CPU
		{49BE97BC-D00C-4DAF-86F6-39B18B3B954C}.Debug|x64.Build.0 = Debug|Any CPU
		{49BE97BC-D00C-4DAF-86F6-39B18B3B954C}.Debug|x86.ActiveCfg = Debug|x86
		{49BE97BC-D00C-4DAF-86F6-39B18B3B954C}.Debug|x86.Build.0 = Debug|x86
		{49BE97BC-D00C-4DAF-86F6-39B18B3B954C}.Release|Any CPU.ActiveCfg = Release|Any CPU
		{49BE97BC-D00C-4DAF-86F6-39B18B3B954C}.Release|Any CPU.Build.0 = Release|Any CPU
		{49BE97BC-D00C-4DAF-86F6-39B18B3B954C}.Release|x64.ActiveCfg = Release|Any CPU
		{49BE97BC-D00C-4DAF-86F6-39B18B3B954C}.Release|x64.Build.0 = Release|Any CPU
		{49BE97BC-D00C-4DAF-86F6-39B18B3B954C}.Release|x86.ActiveCfg = Release|x86
		{49BE97BC-D00C-4DAF-86F6-39B18B3B954C}.Release|x86.Build.0 = Release|x86
		{330E2FB8-FF1F-4B60-877A-0BF98AA12848}.Debug|Any CPU.ActiveCfg = Debug|Any CPU
		{330E2FB8-FF1F-4B60-877A-0BF98AA12848}.Debug|Any CPU.Build.0 = Debug|Any CPU
		{330E2FB8-FF1F-4B60-877A-0BF98AA12848}.Debug|x64.ActiveCfg = Debug|Any CPU
		{330E2FB8-FF1F-4B60-877A-0BF98AA12848}.Debug|x64.Build.0 = Debug|Any CPU
		{330E2FB8-FF1F-4B60-877A-0BF98AA12848}.Debug|x86.ActiveCfg = Debug|x86
		{330E2FB8-FF1F-4B60-877A-0BF98AA12848}.Debug|x86.Build.0 = Debug|x86
		{330E2FB8-FF1F-4B60-877A-0BF98AA12848}.Release|Any CPU.ActiveCfg = Release|Any CPU
		{330E2FB8-FF1F-4B60-877A-0BF98AA12848}.Release|Any CPU.Build.0 = Release|Any CPU
		{330E2FB8-FF1F-4B60-877A-0BF98AA12848}.Release|x64.ActiveCfg = Release|Any CPU
		{330E2FB8-FF1F-4B60-877A-0BF98AA12848}.Release|x64.Build.0 = Release|Any CPU
		{330E2FB8-FF1F-4B60-877A-0BF98AA12848}.Release|x86.ActiveCfg = Release|x86
		{330E2FB8-FF1F-4B60-877A-0BF98AA12848}.Release|x86.Build.0 = Release|x86
		{971AB6C4-4C98-40AE-82B4-256173BC1B1E}.Debug|Any CPU.ActiveCfg = Debug|Any CPU
		{971AB6C4-4C98-40AE-82B4-256173BC1B1E}.Debug|Any CPU.Build.0 = Debug|Any CPU
		{971AB6C4-4C98-40AE-82B4-256173BC1B1E}.Debug|x64.ActiveCfg = Debug|Any CPU
		{971AB6C4-4C98-40AE-82B4-256173BC1B1E}.Debug|x64.Build.0 = Debug|Any CPU
		{971AB6C4-4C98-40AE-82B4-256173BC1B1E}.Debug|x86.ActiveCfg = Debug|x86
		{971AB6C4-4C98-40AE-82B4-256173BC1B1E}.Debug|x86.Build.0 = Debug|x86
		{971AB6C4-4C98-40AE-82B4-256173BC1B1E}.Release|Any CPU.ActiveCfg = Release|Any CPU
		{971AB6C4-4C98-40AE-82B4-256173BC1B1E}.Release|Any CPU.Build.0 = Release|Any CPU
		{971AB6C4-4C98-40AE-82B4-256173BC1B1E}.Release|x64.ActiveCfg = Release|Any CPU
		{971AB6C4-4C98-40AE-82B4-256173BC1B1E}.Release|x64.Build.0 = Release|Any CPU
		{971AB6C4-4C98-40AE-82B4-256173BC1B1E}.Release|x86.ActiveCfg = Release|x86
		{971AB6C4-4C98-40AE-82B4-256173BC1B1E}.Release|x86.Build.0 = Release|x86
		{2DB573F8-53DE-46B4-8035-421CDA96F9AC}.Debug|Any CPU.ActiveCfg = Debug|Any CPU
		{2DB573F8-53DE-46B4-8035-421CDA96F9AC}.Debug|Any CPU.Build.0 = Debug|Any CPU
		{2DB573F8-53DE-46B4-8035-421CDA96F9AC}.Debug|x64.ActiveCfg = Debug|Any CPU
		{2DB573F8-53DE-46B4-8035-421CDA96F9AC}.Debug|x64.Build.0 = Debug|Any CPU
		{2DB573F8-53DE-46B4-8035-421CDA96F9AC}.Debug|x86.ActiveCfg = Debug|x86
		{2DB573F8-53DE-46B4-8035-421CDA96F9AC}.Debug|x86.Build.0 = Debug|x86
		{2DB573F8-53DE-46B4-8035-421CDA96F9AC}.Release|Any CPU.ActiveCfg = Release|Any CPU
		{2DB573F8-53DE-46B4-8035-421CDA96F9AC}.Release|Any CPU.Build.0 = Release|Any CPU
		{2DB573F8-53DE-46B4-8035-421CDA96F9AC}.Release|x64.ActiveCfg = Release|Any CPU
		{2DB573F8-53DE-46B4-8035-421CDA96F9AC}.Release|x64.Build.0 = Release|Any CPU
		{2DB573F8-53DE-46B4-8035-421CDA96F9AC}.Release|x86.ActiveCfg = Release|x86
		{2DB573F8-53DE-46B4-8035-421CDA96F9AC}.Release|x86.Build.0 = Release|x86
		{5BC6B59F-E41D-4B6F-9718-81553405F846}.Debug|Any CPU.ActiveCfg = Debug|Any CPU
		{5BC6B59F-E41D-4B6F-9718-81553405F846}.Debug|Any CPU.Build.0 = Debug|Any CPU
		{5BC6B59F-E41D-4B6F-9718-81553405F846}.Debug|x64.ActiveCfg = Debug|Any CPU
		{5BC6B59F-E41D-4B6F-9718-81553405F846}.Debug|x64.Build.0 = Debug|Any CPU
		{5BC6B59F-E41D-4B6F-9718-81553405F846}.Debug|x86.ActiveCfg = Debug|x86
		{5BC6B59F-E41D-4B6F-9718-81553405F846}.Debug|x86.Build.0 = Debug|x86
		{5BC6B59F-E41D-4B6F-9718-81553405F846}.Release|Any CPU.ActiveCfg = Release|Any CPU
		{5BC6B59F-E41D-4B6F-9718-81553405F846}.Release|Any CPU.Build.0 = Release|Any CPU
		{5BC6B59F-E41D-4B6F-9718-81553405F846}.Release|x64.ActiveCfg = Release|Any CPU
		{5BC6B59F-E41D-4B6F-9718-81553405F846}.Release|x64.Build.0 = Release|Any CPU
		{5BC6B59F-E41D-4B6F-9718-81553405F846}.Release|x86.ActiveCfg = Release|x86
		{5BC6B59F-E41D-4B6F-9718-81553405F846}.Release|x86.Build.0 = Release|x86
		{AE26BA17-F5FD-49EA-98F3-FAF23DB8EE3A}.Debug|Any CPU.ActiveCfg = Debug|Any CPU
		{AE26BA17-F5FD-49EA-98F3-FAF23DB8EE3A}.Debug|Any CPU.Build.0 = Debug|Any CPU
		{AE26BA17-F5FD-49EA-98F3-FAF23DB8EE3A}.Debug|x64.ActiveCfg = Debug|Any CPU
		{AE26BA17-F5FD-49EA-98F3-FAF23DB8EE3A}.Debug|x64.Build.0 = Debug|Any CPU
		{AE26BA17-F5FD-49EA-98F3-FAF23DB8EE3A}.Debug|x86.ActiveCfg = Debug|x86
		{AE26BA17-F5FD-49EA-98F3-FAF23DB8EE3A}.Debug|x86.Build.0 = Debug|x86
		{AE26BA17-F5FD-49EA-98F3-FAF23DB8EE3A}.Release|Any CPU.ActiveCfg = Release|Any CPU
		{AE26BA17-F5FD-49EA-98F3-FAF23DB8EE3A}.Release|Any CPU.Build.0 = Release|Any CPU
		{AE26BA17-F5FD-49EA-98F3-FAF23DB8EE3A}.Release|x64.ActiveCfg = Release|Any CPU
		{AE26BA17-F5FD-49EA-98F3-FAF23DB8EE3A}.Release|x64.Build.0 = Release|Any CPU
		{AE26BA17-F5FD-49EA-98F3-FAF23DB8EE3A}.Release|x86.ActiveCfg = Release|x86
		{AE26BA17-F5FD-49EA-98F3-FAF23DB8EE3A}.Release|x86.Build.0 = Release|x86
		{51A28D43-97FD-4F78-BFF3-988ABC6B6407}.Debug|Any CPU.ActiveCfg = Debug|Any CPU
		{51A28D43-97FD-4F78-BFF3-988ABC6B6407}.Debug|Any CPU.Build.0 = Debug|Any CPU
		{51A28D43-97FD-4F78-BFF3-988ABC6B6407}.Debug|x64.ActiveCfg = Debug|Any CPU
		{51A28D43-97FD-4F78-BFF3-988ABC6B6407}.Debug|x64.Build.0 = Debug|Any CPU
		{51A28D43-97FD-4F78-BFF3-988ABC6B6407}.Debug|x86.ActiveCfg = Debug|x86
		{51A28D43-97FD-4F78-BFF3-988ABC6B6407}.Debug|x86.Build.0 = Debug|x86
		{51A28D43-97FD-4F78-BFF3-988ABC6B6407}.Release|Any CPU.ActiveCfg = Release|Any CPU
		{51A28D43-97FD-4F78-BFF3-988ABC6B6407}.Release|Any CPU.Build.0 = Release|Any CPU
		{51A28D43-97FD-4F78-BFF3-988ABC6B6407}.Release|x64.ActiveCfg = Release|Any CPU
		{51A28D43-97FD-4F78-BFF3-988ABC6B6407}.Release|x64.Build.0 = Release|Any CPU
		{51A28D43-97FD-4F78-BFF3-988ABC6B6407}.Release|x86.ActiveCfg = Release|x86
		{51A28D43-97FD-4F78-BFF3-988ABC6B6407}.Release|x86.Build.0 = Release|x86
		{CEEE900B-DB7A-4FDE-A9E3-D792FA267AF1}.Debug|Any CPU.ActiveCfg = Debug|Any CPU
		{CEEE900B-DB7A-4FDE-A9E3-D792FA267AF1}.Debug|Any CPU.Build.0 = Debug|Any CPU
		{CEEE900B-DB7A-4FDE-A9E3-D792FA267AF1}.Debug|x64.ActiveCfg = Debug|Any CPU
		{CEEE900B-DB7A-4FDE-A9E3-D792FA267AF1}.Debug|x64.Build.0 = Debug|Any CPU
		{CEEE900B-DB7A-4FDE-A9E3-D792FA267AF1}.Debug|x86.ActiveCfg = Debug|x86
		{CEEE900B-DB7A-4FDE-A9E3-D792FA267AF1}.Debug|x86.Build.0 = Debug|x86
		{CEEE900B-DB7A-4FDE-A9E3-D792FA267AF1}.Release|Any CPU.ActiveCfg = Release|Any CPU
		{CEEE900B-DB7A-4FDE-A9E3-D792FA267AF1}.Release|Any CPU.Build.0 = Release|Any CPU
		{CEEE900B-DB7A-4FDE-A9E3-D792FA267AF1}.Release|x64.ActiveCfg = Release|Any CPU
		{CEEE900B-DB7A-4FDE-A9E3-D792FA267AF1}.Release|x64.Build.0 = Release|Any CPU
		{CEEE900B-DB7A-4FDE-A9E3-D792FA267AF1}.Release|x86.ActiveCfg = Release|x86
		{CEEE900B-DB7A-4FDE-A9E3-D792FA267AF1}.Release|x86.Build.0 = Release|x86
		{0EEFF5CE-0159-4EF4-A4F7-83820836A4CE}.Debug|Any CPU.ActiveCfg = Debug|Any CPU
		{0EEFF5CE-0159-4EF4-A4F7-83820836A4CE}.Debug|Any CPU.Build.0 = Debug|Any CPU
		{0EEFF5CE-0159-4EF4-A4F7-83820836A4CE}.Debug|x64.ActiveCfg = Debug|Any CPU
		{0EEFF5CE-0159-4EF4-A4F7-83820836A4CE}.Debug|x64.Build.0 = Debug|Any CPU
		{0EEFF5CE-0159-4EF4-A4F7-83820836A4CE}.Debug|x86.ActiveCfg = Debug|x86
		{0EEFF5CE-0159-4EF4-A4F7-83820836A4CE}.Debug|x86.Build.0 = Debug|x86
		{0EEFF5CE-0159-4EF4-A4F7-83820836A4CE}.Release|Any CPU.ActiveCfg = Release|Any CPU
		{0EEFF5CE-0159-4EF4-A4F7-83820836A4CE}.Release|Any CPU.Build.0 = Release|Any CPU
		{0EEFF5CE-0159-4EF4-A4F7-83820836A4CE}.Release|x64.ActiveCfg = Release|Any CPU
		{0EEFF5CE-0159-4EF4-A4F7-83820836A4CE}.Release|x64.Build.0 = Release|Any CPU
		{0EEFF5CE-0159-4EF4-A4F7-83820836A4CE}.Release|x86.ActiveCfg = Release|x86
		{0EEFF5CE-0159-4EF4-A4F7-83820836A4CE}.Release|x86.Build.0 = Release|x86
		{3D7AE55C-F349-4C86-92CB-065C55CD37D9}.Debug|Any CPU.ActiveCfg = Debug|Any CPU
		{3D7AE55C-F349-4C86-92CB-065C55CD37D9}.Debug|Any CPU.Build.0 = Debug|Any CPU
		{3D7AE55C-F349-4C86-92CB-065C55CD37D9}.Debug|x64.ActiveCfg = Debug|Any CPU
		{3D7AE55C-F349-4C86-92CB-065C55CD37D9}.Debug|x64.Build.0 = Debug|Any CPU
		{3D7AE55C-F349-4C86-92CB-065C55CD37D9}.Debug|x86.ActiveCfg = Debug|x86
		{3D7AE55C-F349-4C86-92CB-065C55CD37D9}.Debug|x86.Build.0 = Debug|x86
		{3D7AE55C-F349-4C86-92CB-065C55CD37D9}.Release|Any CPU.ActiveCfg = Release|Any CPU
		{3D7AE55C-F349-4C86-92CB-065C55CD37D9}.Release|Any CPU.Build.0 = Release|Any CPU
		{3D7AE55C-F349-4C86-92CB-065C55CD37D9}.Release|x64.ActiveCfg = Release|Any CPU
		{3D7AE55C-F349-4C86-92CB-065C55CD37D9}.Release|x64.Build.0 = Release|Any CPU
		{3D7AE55C-F349-4C86-92CB-065C55CD37D9}.Release|x86.ActiveCfg = Release|x86
		{3D7AE55C-F349-4C86-92CB-065C55CD37D9}.Release|x86.Build.0 = Release|x86
	EndGlobalSection
	GlobalSection(SolutionProperties) = preSolution
		HideSolutionNode = FALSE
	EndGlobalSection
	GlobalSection(NestedProjects) = preSolution
		{5171230B-C470-4542-8BA1-DEDDE754E2D9} = {FF155433-168F-4A55-BA98-DFD197A98185}
		{49BE97BC-D00C-4DAF-86F6-39B18B3B954C} = {FF155433-168F-4A55-BA98-DFD197A98185}
		{330E2FB8-FF1F-4B60-877A-0BF98AA12848} = {FF155433-168F-4A55-BA98-DFD197A98185}
		{971AB6C4-4C98-40AE-82B4-256173BC1B1E} = {FF155433-168F-4A55-BA98-DFD197A98185}
		{2DB573F8-53DE-46B4-8035-421CDA96F9AC} = {FF155433-168F-4A55-BA98-DFD197A98185}
		{5BC6B59F-E41D-4B6F-9718-81553405F846} = {FF155433-168F-4A55-BA98-DFD197A98185}
		{AE26BA17-F5FD-49EA-98F3-FAF23DB8EE3A} = {FF155433-168F-4A55-BA98-DFD197A98185}
		{51A28D43-97FD-4F78-BFF3-988ABC6B6407} = {FF155433-168F-4A55-BA98-DFD197A98185}
		{CEEE900B-DB7A-4FDE-A9E3-D792FA267AF1} = {FF155433-168F-4A55-BA98-DFD197A98185}
		{0EEFF5CE-0159-4EF4-A4F7-83820836A4CE} = {FF155433-168F-4A55-BA98-DFD197A98185}
		{3D7AE55C-F349-4C86-92CB-065C55CD37D9} = {FF155433-168F-4A55-BA98-DFD197A98185}
	EndGlobalSection
	GlobalSection(ExtensibilityGlobals) = postSolution
		SolutionGuid = {C8CE9ED2-4273-45D4-AD7D-4B9227349E89}
	EndGlobalSection
EndGlobal
