{
  "object": {
    "pins": [
      {
        "package": "swift-argument-parser",
        "repositoryURL": "https://github.com/apple/swift-argument-parser.git",
        "state": {
          "branch": null,
          "revision": "46989693916f56d1186bd59ac15124caef896560",
          "version": "1.3.1"
        }
      },
      {
        "package": "swift-numerics",
        "repositoryURL": "https://github.com/apple/swift-numerics.git",
        "state": {
          "branch": null,
          "revision": "0a5bc04095a675662cf24757cc0640aa2204253b",
          "version": "1.0.2"
        }
      }
    ]
  },
  "version": 1
}
